
Microsoft Visual Studio Solution File, Format Version 12.00
# Visual Studio Version 17
VisualStudioVersion = 17.0.31912.275
MinimumVisualStudioVersion = 10.0.40219.1
Project("{FAE04EC0-301F-11D3-BF4B-00C04F79EFBC}") = "CadastroFinal", "CadastroFinal\CadastroFinal.csproj", "{AE254733-F755-43A3-AA74-9AC3D29BEA96}"
EndProject
Global
	GlobalSection(SolutionConfigurationPlatforms) = preSolution
		Debug|Any CPU = Debug|Any CPU
		Release|Any CPU = Release|Any CPU
	EndGlobalSection
	GlobalSection(ProjectConfigurationPlatforms) = postSolution
		{AE254733-F755-43A3-AA74-9AC3D29BEA96}.Debug|Any CPU.ActiveCfg = Debug|Any CPU
		{AE254733-F755-43A3-AA74-9AC3D29BEA96}.Debug|Any CPU.Build.0 = Debug|Any CPU
		{AE254733-F755-43A3-AA74-9AC3D29BEA96}.Release|Any CPU.ActiveCfg = Release|Any CPU
		{AE254733-F755-43A3-AA74-9AC3D29BEA96}.Release|Any CPU.Build.0 = Release|Any CPU
	EndGlobalSection
	GlobalSection(SolutionProperties) = preSolution
		HideSolutionNode = FALSE
	EndGlobalSection
	GlobalSection(ExtensibilityGlobals) = postSolution
		SolutionGuid = {B9FBF9AA-C74D-4480-A51C-66B381A16B07}
	EndGlobalSection
EndGlobal
